// !$*UTF8*$!
{
	archiveVersion = 1;
	classes = {
	};
	objectVersion = 55;
	objects = {

/* Begin PBXBuildFile section */
		C5ABB4142845425B00C06156 /* AppDelegate.swift in Sources */ = {isa = PBXBuildFile; fileRef = C5ABB4132845425B00C06156 /* AppDelegate.swift */; };
		C5ABB4162845425B00C06156 /* SceneDelegate.swift in Sources */ = {isa = PBXBuildFile; fileRef = C5ABB4152845425B00C06156 /* SceneDelegate.swift */; };
		C5ABB41D2845425C00C06156 /* Assets.xcassets in Resources */ = {isa = PBXBuildFile; fileRef = C5ABB41C2845425C00C06156 /* Assets.xcassets */; };
		C5ABB4202845425C00C06156 /* LaunchScreen.storyboard in Resources */ = {isa = PBXBuildFile; fileRef = C5ABB41E2845425C00C06156 /* LaunchScreen.storyboard */; };
		C5ABB42F28456BBC00C06156 /* HomePresenter.swift in Sources */ = {isa = PBXBuildFile; fileRef = C5ABB42828456BBC00C06156 /* HomePresenter.swift */; };
		C5ABB43028456BBC00C06156 /* HomeLocalDataManager.swift in Sources */ = {isa = PBXBuildFile; fileRef = C5ABB42928456BBC00C06156 /* HomeLocalDataManager.swift */; };
		C5ABB43128456BBC00C06156 /* HomeProtocols.swift in Sources */ = {isa = PBXBuildFile; fileRef = C5ABB42A28456BBC00C06156 /* HomeProtocols.swift */; };
		C5ABB43228456BBC00C06156 /* HomeInteractor.swift in Sources */ = {isa = PBXBuildFile; fileRef = C5ABB42B28456BBC00C06156 /* HomeInteractor.swift */; };
		C5ABB43328456BBC00C06156 /* HomeView.swift in Sources */ = {isa = PBXBuildFile; fileRef = C5ABB42C28456BBC00C06156 /* HomeView.swift */; };
		C5ABB43428456BBC00C06156 /* HomeRemoteDataManager.swift in Sources */ = {isa = PBXBuildFile; fileRef = C5ABB42D28456BBC00C06156 /* HomeRemoteDataManager.swift */; };
		C5ABB43528456BBC00C06156 /* HomeWireFrame.swift in Sources */ = {isa = PBXBuildFile; fileRef = C5ABB42E28456BBC00C06156 /* HomeWireFrame.swift */; };
		C5ABB45D284D219000C06156 /* LogPresenter.swift in Sources */ = {isa = PBXBuildFile; fileRef = C5ABB456284D219000C06156 /* LogPresenter.swift */; };
		C5ABB45E284D219000C06156 /* LogLocalDataManager.swift in Sources */ = {isa = PBXBuildFile; fileRef = C5ABB457284D219000C06156 /* LogLocalDataManager.swift */; };
		C5ABB45F284D219000C06156 /* LogProtocols.swift in Sources */ = {isa = PBXBuildFile; fileRef = C5ABB458284D219000C06156 /* LogProtocols.swift */; };
		C5ABB460284D219000C06156 /* LogInteractor.swift in Sources */ = {isa = PBXBuildFile; fileRef = C5ABB459284D219000C06156 /* LogInteractor.swift */; };
		C5ABB461284D219000C06156 /* LogView.swift in Sources */ = {isa = PBXBuildFile; fileRef = C5ABB45A284D219000C06156 /* LogView.swift */; };
		C5ABB462284D219000C06156 /* LogRemoteDataManager.swift in Sources */ = {isa = PBXBuildFile; fileRef = C5ABB45B284D219000C06156 /* LogRemoteDataManager.swift */; };
		C5ABB463284D219000C06156 /* LogWireFrame.swift in Sources */ = {isa = PBXBuildFile; fileRef = C5ABB45C284D219000C06156 /* LogWireFrame.swift */; };
		C5ABB466284D21DF00C06156 /* LogView.storyboard in Resources */ = {isa = PBXBuildFile; fileRef = C5ABB465284D21DF00C06156 /* LogView.storyboard */; };
		C5ABB468284D80E900C06156 /* HomeView.storyboard in Resources */ = {isa = PBXBuildFile; fileRef = C5ABB467284D80E900C06156 /* HomeView.storyboard */; };
		C5ABB46A284E948100C06156 /* GoogleService-Info.plist in Resources */ = {isa = PBXBuildFile; fileRef = C5ABB469284E948100C06156 /* GoogleService-Info.plist */; };
/* End PBXBuildFile section */

/* Begin PBXFileReference section */
		25555A32A4FF06872C2DB6B5 /* Pods-ListProApp.release.xcconfig */ = {isa = PBXFileReference; includeInIndex = 1; lastKnownFileType = text.xcconfig; name = "Pods-ListProApp.release.xcconfig"; path = "Target Support Files/Pods-ListProApp/Pods-ListProApp.release.xcconfig"; sourceTree = "<group>"; };
		C5ABB4102845425B00C06156 /* ListProApp.app */ = {isa = PBXFileReference; explicitFileType = wrapper.application; includeInIndex = 0; path = ListProApp.app; sourceTree = BUILT_PRODUCTS_DIR; };
		C5ABB4132845425B00C06156 /* AppDelegate.swift */ = {isa = PBXFileReference; lastKnownFileType = sourcecode.swift; path = AppDelegate.swift; sourceTree = "<group>"; };
		C5ABB4152845425B00C06156 /* SceneDelegate.swift */ = {isa = PBXFileReference; lastKnownFileType = sourcecode.swift; path = SceneDelegate.swift; sourceTree = "<group>"; };
		C5ABB41C2845425C00C06156 /* Assets.xcassets */ = {isa = PBXFileReference; lastKnownFileType = folder.assetcatalog; path = Assets.xcassets; sourceTree = "<group>"; };
		C5ABB41F2845425C00C06156 /* Base */ = {isa = PBXFileReference; lastKnownFileType = file.storyboard; name = Base; path = Base.lproj/LaunchScreen.storyboard; sourceTree = "<group>"; };
		C5ABB4212845425C00C06156 /* Info.plist */ = {isa = PBXFileReference; lastKnownFileType = text.plist.xml; path = Info.plist; sourceTree = "<group>"; };
		C5ABB42828456BBC00C06156 /* HomePresenter.swift */ = {isa = PBXFileReference; lastKnownFileType = sourcecode.swift; path = HomePresenter.swift; sourceTree = "<group>"; };
		C5ABB42928456BBC00C06156 /* HomeLocalDataManager.swift */ = {isa = PBXFileReference; lastKnownFileType = sourcecode.swift; path = HomeLocalDataManager.swift; sourceTree = "<group>"; };
		C5ABB42A28456BBC00C06156 /* HomeProtocols.swift */ = {isa = PBXFileReference; lastKnownFileType = sourcecode.swift; path = HomeProtocols.swift; sourceTree = "<group>"; };
		C5ABB42B28456BBC00C06156 /* HomeInteractor.swift */ = {isa = PBXFileReference; lastKnownFileType = sourcecode.swift; path = HomeInteractor.swift; sourceTree = "<group>"; };
		C5ABB42C28456BBC00C06156 /* HomeView.swift */ = {isa = PBXFileReference; lastKnownFileType = sourcecode.swift; path = HomeView.swift; sourceTree = "<group>"; };
		C5ABB42D28456BBC00C06156 /* HomeRemoteDataManager.swift */ = {isa = PBXFileReference; lastKnownFileType = sourcecode.swift; path = HomeRemoteDataManager.swift; sourceTree = "<group>"; };
		C5ABB42E28456BBC00C06156 /* HomeWireFrame.swift */ = {isa = PBXFileReference; lastKnownFileType = sourcecode.swift; path = HomeWireFrame.swift; sourceTree = "<group>"; };
		C5ABB456284D219000C06156 /* LogPresenter.swift */ = {isa = PBXFileReference; lastKnownFileType = sourcecode.swift; path = LogPresenter.swift; sourceTree = "<group>"; };
		C5ABB457284D219000C06156 /* LogLocalDataManager.swift */ = {isa = PBXFileReference; lastKnownFileType = sourcecode.swift; path = LogLocalDataManager.swift; sourceTree = "<group>"; };
		C5ABB458284D219000C06156 /* LogProtocols.swift */ = {isa = PBXFileReference; lastKnownFileType = sourcecode.swift; path = LogProtocols.swift; sourceTree = "<group>"; };
		C5ABB459284D219000C06156 /* LogInteractor.swift */ = {isa = PBXFileReference; lastKnownFileType = sourcecode.swift; path = LogInteractor.swift; sourceTree = "<group>"; };
		C5ABB45A284D219000C06156 /* LogView.swift */ = {isa = PBXFileReference; lastKnownFileType = sourcecode.swift; path = LogView.swift; sourceTree = "<group>"; };
		C5ABB45B284D219000C06156 /* LogRemoteDataManager.swift */ = {isa = PBXFileReference; lastKnownFileType = sourcecode.swift; path = LogRemoteDataManager.swift; sourceTree = "<group>"; };
		C5ABB45C284D219000C06156 /* LogWireFrame.swift */ = {isa = PBXFileReference; lastKnownFileType = sourcecode.swift; path = LogWireFrame.swift; sourceTree = "<group>"; };
		C5ABB465284D21DF00C06156 /* LogView.storyboard */ = {isa = PBXFileReference; lastKnownFileType = file.storyboard; path = LogView.storyboard; sourceTree = "<group>"; };
		C5ABB467284D80E900C06156 /* HomeView.storyboard */ = {isa = PBXFileReference; lastKnownFileType = file.storyboard; path = HomeView.storyboard; sourceTree = "<group>"; };
		C5ABB469284E948100C06156 /* GoogleService-Info.plist */ = {isa = PBXFileReference; fileEncoding = 4; lastKnownFileType = text.plist.xml; path = "GoogleService-Info.plist"; sourceTree = "<group>"; };
		F5457C0DF555E34CC6AF50CE /* Pods-ListProApp.debug.xcconfig */ = {isa = PBXFileReference; includeInIndex = 1; lastKnownFileType = text.xcconfig; name = "Pods-ListProApp.debug.xcconfig"; path = "Target Support Files/Pods-ListProApp/Pods-ListProApp.debug.xcconfig"; sourceTree = "<group>"; };
/* End PBXFileReference section */

/* Begin PBXFrameworksBuildPhase section */
		C5ABB40D2845425B00C06156 /* Frameworks */ = {
			isa = PBXFrameworksBuildPhase;
			buildActionMask = 2147483647;
			files = (
			);
			runOnlyForDeploymentPostprocessing = 0;
		};
/* End PBXFrameworksBuildPhase section */

/* Begin PBXGroup section */
		5E8EB7BD4F4BB10D79E9BE98 /* Pods */ = {
			isa = PBXGroup;
			children = (
				F5457C0DF555E34CC6AF50CE /* Pods-ListProApp.debug.xcconfig */,
				25555A32A4FF06872C2DB6B5 /* Pods-ListProApp.release.xcconfig */,
			);
			path = Pods;
			sourceTree = "<group>";
		};
		954038803F444155992A39BE /* Frameworks */ = {
			isa = PBXGroup;
			children = (
			);
			name = Frameworks;
			sourceTree = "<group>";
		};
		C5ABB4072845425B00C06156 = {
			isa = PBXGroup;
			children = (
				C5ABB4122845425B00C06156 /* ListProApp */,
				C5ABB4112845425B00C06156 /* Products */,
				5E8EB7BD4F4BB10D79E9BE98 /* Pods */,
				954038803F444155992A39BE /* Frameworks */,
			);
			sourceTree = "<group>";
		};
		C5ABB4112845425B00C06156 /* Products */ = {
			isa = PBXGroup;
			children = (
				C5ABB4102845425B00C06156 /* ListProApp.app */,
			);
			name = Products;
			sourceTree = "<group>";
		};
		C5ABB4122845425B00C06156 /* ListProApp */ = {
			isa = PBXGroup;
			children = (
				C5ABB464284D219B00C06156 /* Log */,
				C5ABB42728456BA500C06156 /* Home */,
				C5ABB4132845425B00C06156 /* AppDelegate.swift */,
				C5ABB4152845425B00C06156 /* SceneDelegate.swift */,
				C5ABB41C2845425C00C06156 /* Assets.xcassets */,
				C5ABB41E2845425C00C06156 /* LaunchScreen.storyboard */,
				C5ABB4212845425C00C06156 /* Info.plist */,
				C5ABB469284E948100C06156 /* GoogleService-Info.plist */,
			);
			path = ListProApp;
			sourceTree = "<group>";
		};
		C5ABB42728456BA500C06156 /* Home */ = {
			isa = PBXGroup;
			children = (
				C5ABB42C28456BBC00C06156 /* HomeView.swift */,
				C5ABB467284D80E900C06156 /* HomeView.storyboard */,
				C5ABB42B28456BBC00C06156 /* HomeInteractor.swift */,
				C5ABB42828456BBC00C06156 /* HomePresenter.swift */,
				C5ABB42928456BBC00C06156 /* HomeLocalDataManager.swift */,
				C5ABB42A28456BBC00C06156 /* HomeProtocols.swift */,
				C5ABB42D28456BBC00C06156 /* HomeRemoteDataManager.swift */,
				C5ABB42E28456BBC00C06156 /* HomeWireFrame.swift */,
			);
			path = Home;
			sourceTree = "<group>";
		};
		C5ABB464284D219B00C06156 /* Log */ = {
			isa = PBXGroup;
			children = (
				C5ABB465284D21DF00C06156 /* LogView.storyboard */,
				C5ABB45A284D219000C06156 /* LogView.swift */,
				C5ABB459284D219000C06156 /* LogInteractor.swift */,
				C5ABB456284D219000C06156 /* LogPresenter.swift */,
				C5ABB457284D219000C06156 /* LogLocalDataManager.swift */,
				C5ABB458284D219000C06156 /* LogProtocols.swift */,
				C5ABB45B284D219000C06156 /* LogRemoteDataManager.swift */,
				C5ABB45C284D219000C06156 /* LogWireFrame.swift */,
			);
			name = Log;
			sourceTree = "<group>";
		};
/* End PBXGroup section */

/* Begin PBXNativeTarget section */
		C5ABB40F2845425B00C06156 /* ListProApp */ = {
			isa = PBXNativeTarget;
			buildConfigurationList = C5ABB4242845425C00C06156 /* Build configuration list for PBXNativeTarget "ListProApp" */;
			buildPhases = (
				0DF6AFD910FDC17AD93F4397 /* [CP] Check Pods Manifest.lock */,
				C5ABB40C2845425B00C06156 /* Sources */,
				C5ABB40D2845425B00C06156 /* Frameworks */,
				C5ABB40E2845425B00C06156 /* Resources */,
				F16472045E317575CED044BE /* [CP] Embed Pods Frameworks */,
			);
			buildRules = (
			);
			dependencies = (
			);
			name = ListProApp;
			packageProductDependencies = (
			);
			productName = ListProApp;
			productReference = C5ABB4102845425B00C06156 /* ListProApp.app */;
			productType = "com.apple.product-type.application";
		};
/* End PBXNativeTarget section */

/* Begin PBXProject section */
		C5ABB4082845425B00C06156 /* Project object */ = {
			isa = PBXProject;
			attributes = {
				BuildIndependentTargetsInParallel = 1;
				LastSwiftUpdateCheck = 1320;
				LastUpgradeCheck = 1320;
				TargetAttributes = {
					C5ABB40F2845425B00C06156 = {
						CreatedOnToolsVersion = 13.2.1;
					};
				};
			};
			buildConfigurationList = C5ABB40B2845425B00C06156 /* Build configuration list for PBXProject "ListProApp" */;
			compatibilityVersion = "Xcode 13.0";
			developmentRegion = en;
			hasScannedForEncodings = 0;
			knownRegions = (
				en,
				Base,
			);
			mainGroup = C5ABB4072845425B00C06156;
			packageReferences = (
			);
			productRefGroup = C5ABB4112845425B00C06156 /* Products */;
			projectDirPath = "";
			projectRoot = "";
			targets = (
				C5ABB40F2845425B00C06156 /* ListProApp */,
			);
		};
/* End PBXProject section */

/* Begin PBXResourcesBuildPhase section */
		C5ABB40E2845425B00C06156 /* Resources */ = {
			isa = PBXResourcesBuildPhase;
			buildActionMask = 2147483647;
			files = (
				C5ABB4202845425C00C06156 /* LaunchScreen.storyboard in Resources */,
				C5ABB41D2845425C00C06156 /* Assets.xcassets in Resources */,
				C5ABB46A284E948100C06156 /* GoogleService-Info.plist in Resources */,
				C5ABB468284D80E900C06156 /* HomeView.storyboard in Resources */,
				C5ABB466284D21DF00C06156 /* LogView.storyboard in Resources */,
			);
			runOnlyForDeploymentPostprocessing = 0;
		};
/* End PBXResourcesBuildPhase section */

/* Begin PBXShellScriptBuildPhase section */
		0DF6AFD910FDC17AD93F4397 /* [CP] Check Pods Manifest.lock */ = {
			isa = PBXShellScriptBuildPhase;
			buildActionMask = 2147483647;
			files = (
			);
			inputFileListPaths = (
			);
			inputPaths = (
				"${PODS_PODFILE_DIR_PATH}/Podfile.lock",
				"${PODS_ROOT}/Manifest.lock",
			);
			name = "[CP] Check Pods Manifest.lock";
			outputFileListPaths = (
			);
			outputPaths = (
				"$(DERIVED_FILE_DIR)/Pods-ListProApp-checkManifestLockResult.txt",
			);
			runOnlyForDeploymentPostprocessing = 0;
			shellPath = /bin/sh;
			shellScript = "diff \"${PODS_PODFILE_DIR_PATH}/Podfile.lock\" \"${PODS_ROOT}/Manifest.lock\" > /dev/null\nif [ $? != 0 ] ; then\n    # print error to STDERR\n    echo \"error: The sandbox is not in sync with the Podfile.lock. Run 'pod install' or update your CocoaPods installation.\" >&2\n    exit 1\nfi\n# This output is used by Xcode 'outputs' to avoid re-running this script phase.\necho \"SUCCESS\" > \"${SCRIPT_OUTPUT_FILE_0}\"\n";
			showEnvVarsInLog = 0;
		};
		F16472045E317575CED044BE /* [CP] Embed Pods Frameworks */ = {
			isa = PBXShellScriptBuildPhase;
			buildActionMask = 2147483647;
			files = (
			);
			inputFileListPaths = (
				"${PODS_ROOT}/Target Support Files/Pods-ListProApp/Pods-ListProApp-frameworks-${CONFIGURATION}-input-files.xcfilelist",
			);
			name = "[CP] Embed Pods Frameworks";
			outputFileListPaths = (
				"${PODS_ROOT}/Target Support Files/Pods-ListProApp/Pods-ListProApp-frameworks-${CONFIGURATION}-output-files.xcfilelist",
			);
			runOnlyForDeploymentPostprocessing = 0;
			shellPath = /bin/sh;
			shellScript = "\"${PODS_ROOT}/Target Support Files/Pods-ListProApp/Pods-ListProApp-frameworks.sh\"\n";
			showEnvVarsInLog = 0;
		};
/* End PBXShellScriptBuildPhase section */

/* Begin PBXSourcesBuildPhase section */
		C5ABB40C2845425B00C06156 /* Sources */ = {
			isa = PBXSourcesBuildPhase;
			buildActionMask = 2147483647;
			files = (
				C5ABB4142845425B00C06156 /* AppDelegate.swift in Sources */,
				C5ABB463284D219000C06156 /* LogWireFrame.swift in Sources */,
				C5ABB43028456BBC00C06156 /* HomeLocalDataManager.swift in Sources */,
				C5ABB4162845425B00C06156 /* SceneDelegate.swift in Sources */,
				C5ABB45E284D219000C06156 /* LogLocalDataManager.swift in Sources */,
				C5ABB45F284D219000C06156 /* LogProtocols.swift in Sources */,
				C5ABB43128456BBC00C06156 /* HomeProtocols.swift in Sources */,
				C5ABB43328456BBC00C06156 /* HomeView.swift in Sources */,
				C5ABB43428456BBC00C06156 /* HomeRemoteDataManager.swift in Sources */,
				C5ABB42F28456BBC00C06156 /* HomePresenter.swift in Sources */,
				C5ABB45D284D219000C06156 /* LogPresenter.swift in Sources */,
				C5ABB43228456BBC00C06156 /* HomeInteractor.swift in Sources */,
				C5ABB462284D219000C06156 /* LogRemoteDataManager.swift in Sources */,
				C5ABB460284D219000C06156 /* LogInteractor.swift in Sources */,
				C5ABB43528456BBC00C06156 /* HomeWireFrame.swift in Sources */,
				C5ABB461284D219000C06156 /* LogView.swift in Sources */,
			);
			runOnlyForDeploymentPostprocessing = 0;
		};
/* End PBXSourcesBuildPhase section */

/* Begin PBXVariantGroup section */
		C5ABB41E2845425C00C06156 /* LaunchScreen.storyboard */ = {
			isa = PBXVariantGroup;
			children = (
				C5ABB41F2845425C00C06156 /* Base */,
			);
			name = LaunchScreen.storyboard;
			sourceTree = "<group>";
		};
/* End PBXVariantGroup section */

/* Begin XCBuildConfiguration section */
		C5ABB4222845425C00C06156 /* Debug */ = {
			isa = XCBuildConfiguration;
			buildSettings = {
				ALWAYS_SEARCH_USER_PATHS = NO;
				CLANG_ANALYZER_NONNULL = YES;
				CLANG_ANALYZER_NUMBER_OBJECT_CONVERSION = YES_AGGRESSIVE;
				CLANG_CXX_LANGUAGE_STANDARD = "gnu++17";
				CLANG_CXX_LIBRARY = "libc++";
				CLANG_ENABLE_MODULES = YES;
				CLANG_ENABLE_OBJC_ARC = YES;
				CLANG_ENABLE_OBJC_WEAK = YES;
				CLANG_WARN_BLOCK_CAPTURE_AUTORELEASING = YES;
				CLANG_WARN_BOOL_CONVERSION = YES;
				CLANG_WARN_COMMA = YES;
				CLANG_WARN_CONSTANT_CONVERSION = YES;
				CLANG_WARN_DEPRECATED_OBJC_IMPLEMENTATIONS = YES;
				CLANG_WARN_DIRECT_OBJC_ISA_USAGE = YES_ERROR;
				CLANG_WARN_DOCUMENTATION_COMMENTS = YES;
				CLANG_WARN_EMPTY_BODY = YES;
				CLANG_WARN_ENUM_CONVERSION = YES;
				CLANG_WARN_INFINITE_RECURSION = YES;
				CLANG_WARN_INT_CONVERSION = YES;
				CLANG_WARN_NON_LITERAL_NULL_CONVERSION = YES;
				CLANG_WARN_OBJC_IMPLICIT_RETAIN_SELF = YES;
				CLANG_WARN_OBJC_LITERAL_CONVERSION = YES;
				CLANG_WARN_OBJC_ROOT_CLASS = YES_ERROR;
				CLANG_WARN_QUOTED_INCLUDE_IN_FRAMEWORK_HEADER = YES;
				CLANG_WARN_RANGE_LOOP_ANALYSIS = YES;
				CLANG_WARN_STRICT_PROTOTYPES = YES;
				CLANG_WARN_SUSPICIOUS_MOVE = YES;
				CLANG_WARN_UNGUARDED_AVAILABILITY = YES_AGGRESSIVE;
				CLANG_WARN_UNREACHABLE_CODE = YES;
				CLANG_WARN__DUPLICATE_METHOD_MATCH = YES;
				COPY_PHASE_STRIP = NO;
				DEBUG_INFORMATION_FORMAT = dwarf;
				ENABLE_STRICT_OBJC_MSGSEND = YES;
				ENABLE_TESTABILITY = YES;
				GCC_C_LANGUAGE_STANDARD = gnu11;
				GCC_DYNAMIC_NO_PIC = NO;
				GCC_NO_COMMON_BLOCKS = YES;
				GCC_OPTIMIZATION_LEVEL = 0;
				GCC_PREPROCESSOR_DEFINITIONS = (
					"DEBUG=1",
					"$(inherited)",
				);
				GCC_WARN_64_TO_32_BIT_CONVERSION = YES;
				GCC_WARN_ABOUT_RETURN_TYPE = YES_ERROR;
				GCC_WARN_UNDECLARED_SELECTOR = YES;
				GCC_WARN_UNINITIALIZED_AUTOS = YES_AGGRESSIVE;
				GCC_WARN_UNUSED_FUNCTION = YES;
				GCC_WARN_UNUSED_VARIABLE = YES;
				IPHONEOS_DEPLOYMENT_TARGET = 15.2;
				MTL_ENABLE_DEBUG_INFO = INCLUDE_SOURCE;
				MTL_FAST_MATH = YES;
				ONLY_ACTIVE_ARCH = YES;
				SDKROOT = iphoneos;
				SWIFT_ACTIVE_COMPILATION_CONDITIONS = DEBUG;
				SWIFT_OPTIMIZATION_LEVEL = "-Onone";
			};
			name = Debug;
		};
		C5ABB4232845425C00C06156 /* Release */ = {
			isa = XCBuildConfiguration;
			buildSettings = {
				ALWAYS_SEARCH_USER_PATHS = NO;
				CLANG_ANALYZER_NONNULL = YES;
				CLANG_ANALYZER_NUMBER_OBJECT_CONVERSION = YES_AGGRESSIVE;
				CLANG_CXX_LANGUAGE_STANDARD = "gnu++17";
				CLANG_CXX_LIBRARY = "libc++";
				CLANG_ENABLE_MODULES = YES;
				CLANG_ENABLE_OBJC_ARC = YES;
				CLANG_ENABLE_OBJC_WEAK = YES;
				CLANG_WARN_BLOCK_CAPTURE_AUTORELEASING = YES;
				CLANG_WARN_BOOL_CONVERSION = YES;
				CLANG_WARN_COMMA = YES;
				CLANG_WARN_CONSTANT_CONVERSION = YES;
				CLANG_WARN_DEPRECATED_OBJC_IMPLEMENTATIONS = YES;
				CLANG_WARN_DIRECT_OBJC_ISA_USAGE = YES_ERROR;
				CLANG_WARN_DOCUMENTATION_COMMENTS = YES;
				CLANG_WARN_EMPTY_BODY = YES;
				CLANG_WARN_ENUM_CONVERSION = YES;
				CLANG_WARN_INFINITE_RECURSION = YES;
				CLANG_WARN_INT_CONVERSION = YES;
				CLANG_WARN_NON_LITERAL_NULL_CONVERSION = YES;
				CLANG_WARN_OBJC_IMPLICIT_RETAIN_SELF = YES;
				CLANG_WARN_OBJC_LITERAL_CONVERSION = YES;
				CLANG_WARN_OBJC_ROOT_CLASS = YES_ERROR;
				CLANG_WARN_QUOTED_INCLUDE_IN_FRAMEWORK_HEADER = YES;
				CLANG_WARN_RANGE_LOOP_ANALYSIS = YES;
				CLANG_WARN_STRICT_PROTOTYPES = YES;
				CLANG_WARN_SUSPICIOUS_MOVE = YES;
				CLANG_WARN_UNGUARDED_AVAILABILITY = YES_AGGRESSIVE;
				CLANG_WARN_UNREACHABLE_CODE = YES;
				CLANG_WARN__DUPLICATE_METHOD_MATCH = YES;
				COPY_PHASE_STRIP = NO;
				DEBUG_INFORMATION_FORMAT = "dwarf-with-dsym";
				ENABLE_NS_ASSERTIONS = NO;
				ENABLE_STRICT_OBJC_MSGSEND = YES;
				GCC_C_LANGUAGE_STANDARD = gnu11;
				GCC_NO_COMMON_BLOCKS = YES;
				GCC_WARN_64_TO_32_BIT_CONVERSION = YES;
				GCC_WARN_ABOUT_RETURN_TYPE = YES_ERROR;
				GCC_WARN_UNDECLARED_SELECTOR = YES;
				GCC_WARN_UNINITIALIZED_AUTOS = YES_AGGRESSIVE;
				GCC_WARN_UNUSED_FUNCTION = YES;
				GCC_WARN_UNUSED_VARIABLE = YES;
				IPHONEOS_DEPLOYMENT_TARGET = 15.2;
				MTL_ENABLE_DEBUG_INFO = NO;
				MTL_FAST_MATH = YES;
				SDKROOT = iphoneos;
				SWIFT_COMPILATION_MODE = wholemodule;
				SWIFT_OPTIMIZATION_LEVEL = "-O";
				VALIDATE_PRODUCT = YES;
			};
			name = Release;
		};
		C5ABB4252845425C00C06156 /* Debug */ = {
			isa = XCBuildConfiguration;
			baseConfigurationReference = F5457C0DF555E34CC6AF50CE /* Pods-ListProApp.debug.xcconfig */;
			buildSettings = {
				ASSETCATALOG_COMPILER_APPICON_NAME = AppIcon;
				ASSETCATALOG_COMPILER_GLOBAL_ACCENT_COLOR_NAME = AccentColor;
				CODE_SIGN_STYLE = Automatic;
				CURRENT_PROJECT_VERSION = 1;
				DEVELOPMENT_TEAM = 75UV9J33HN;
				GENERATE_INFOPLIST_FILE = YES;
				INFOPLIST_FILE = ListProApp/Info.plist;
				INFOPLIST_KEY_UIApplicationSupportsIndirectInputEvents = YES;
				INFOPLIST_KEY_UILaunchStoryboardName = LaunchScreen;
				INFOPLIST_KEY_UIMainStoryboardFile = LogView;
				INFOPLIST_KEY_UISupportedInterfaceOrientations_iPad = "UIInterfaceOrientationPortrait UIInterfaceOrientationPortraitUpsideDown UIInterfaceOrientationLandscapeLeft UIInterfaceOrientationLandscapeRight";
				INFOPLIST_KEY_UISupportedInterfaceOrientations_iPhone = "UIInterfaceOrientationPortrait UIInterfaceOrientationLandscapeLeft UIInterfaceOrientationLandscapeRight";
				LD_RUNPATH_SEARCH_PATHS = (
					"$(inherited)",
					"@executable_path/Frameworks",
				);
				MARKETING_VERSION = 1.0;
				PRODUCT_BUNDLE_IDENTIFIER = com.maurzac.ListProApp;
				PRODUCT_NAME = "$(TARGET_NAME)";
				SWIFT_EMIT_LOC_STRINGS = YES;
				SWIFT_VERSION = 5.0;
				TARGETED_DEVICE_FAMILY = 1;
			};
			name = Debug;
		};
		C5ABB4262845425C00C06156 /* Release */ = {
			isa = XCBuildConfiguration;
			baseConfigurationReference = 25555A32A4FF06872C2DB6B5 /* Pods-ListProApp.release.xcconfig */;
			buildSettings = {
				ASSETCATALOG_COMPILER_APPICON_NAME = AppIcon;
				ASSETCATALOG_COMPILER_GLOBAL_ACCENT_COLOR_NAME = AccentColor;
				CODE_SIGN_STYLE = Automatic;
				CURRENT_PROJECT_VERSION = 1;
				DEVELOPMENT_TEAM = 75UV9J33HN;
				GENERATE_INFOPLIST_FILE = YES;
				INFOPLIST_FILE = ListProApp/Info.plist;
				INFOPLIST_KEY_UIApplicationSupportsIndirectInputEvents = YES;
				INFOPLIST_KEY_UILaunchStoryboardName = LaunchScreen;
				INFOPLIST_KEY_UIMainStoryboardFile = LogView;
				INFOPLIST_KEY_UISupportedInterfaceOrientations_iPad = "UIInterfaceOrientationPortrait UIInterfaceOrientationPortraitUpsideDown UIInterfaceOrientationLandscapeLeft UIInterfaceOrientationLandscapeRight";
				INFOPLIST_KEY_UISupportedInterfaceOrientations_iPhone = "UIInterfaceOrientationPortrait UIInterfaceOrientationLandscapeLeft UIInterfaceOrientationLandscapeRight";
				LD_RUNPATH_SEARCH_PATHS = (
					"$(inherited)",
					"@executable_path/Frameworks",
				);
				MARKETING_VERSION = 1.0;
				PRODUCT_BUNDLE_IDENTIFIER = com.maurzac.ListProApp;
				PRODUCT_NAME = "$(TARGET_NAME)";
				SWIFT_EMIT_LOC_STRINGS = YES;
				SWIFT_VERSION = 5.0;
				TARGETED_DEVICE_FAMILY = 1;
			};
			name = Release;
		};
/* End XCBuildConfiguration section */

/* Begin XCConfigurationList section */
		C5ABB40B2845425B00C06156 /* Build configuration list for PBXProject "ListProApp" */ = {
			isa = XCConfigurationList;
			buildConfigurations = (
				C5ABB4222845425C00C06156 /* Debug */,
				C5ABB4232845425C00C06156 /* Release */,
			);
			defaultConfigurationIsVisible = 0;
			defaultConfigurationName = Release;
		};
		C5ABB4242845425C00C06156 /* Build configuration list for PBXNativeTarget "ListProApp" */ = {
			isa = XCConfigurationList;
			buildConfigurations = (
				C5ABB4252845425C00C06156 /* Debug */,
				C5ABB4262845425C00C06156 /* Release */,
			);
			defaultConfigurationIsVisible = 0;
			defaultConfigurationName = Release;
		};
/* End XCConfigurationList section */
	};
	rootObject = C5ABB4082845425B00C06156 /* Project object */;
}
